
Microsoft Visual Studio Solution File, Format Version 12.00
# Visual Studio 15
Project("{FAE04EC0-301F-11D3-BF4B-00C04F79EFBC}") = "UnityEditor.UI", "UnityEditor.UI.csproj", "{CF8E8371-6D35-4301-DB35-6300982454D4}"
EndProject
Project("{FAE04EC0-301F-11D3-BF4B-00C04F79EFBC}") = "UnityEngine.UI", "UnityEngine.UI.csproj", "{0A5673F6-5130-A437-0E47-F70DCD37835E}"
EndProject
Project("{FAE04EC0-301F-11D3-BF4B-00C04F79EFBC}") = "Assembly-CSharp", "Assembly-CSharp.csproj", "{43DEF3B0-4A3D-FEB2-EAF5-0FB7DE7DC36A}"
EndProject
Global
	GlobalSection(SolutionConfigurationPlatforms) = preSolution
		Debug|Any CPU = Debug|Any CPU
		Release|Any CPU = Release|Any CPU
	EndGlobalSection
	GlobalSection(ProjectConfigurationPlatforms) = postSolution
		{CF8E8371-6D35-4301-DB35-6300982454D4}.Debug|Any CPU.ActiveCfg = Debug|Any CPU
		{CF8E8371-6D35-4301-DB35-6300982454D4}.Debug|Any CPU.Build.0 = Debug|Any CPU
		{CF8E8371-6D35-4301-DB35-6300982454D4}.Release|Any CPU.ActiveCfg = Release|Any CPU
		{CF8E8371-6D35-4301-DB35-6300982454D4}.Release|Any CPU.Build.0 = Release|Any CPU
		{0A5673F6-5130-A437-0E47-F70DCD37835E}.Debug|Any CPU.ActiveCfg = Debug|Any CPU
		{0A5673F6-5130-A437-0E47-F70DCD37835E}.Debug|Any CPU.Build.0 = Debug|Any CPU
		{0A5673F6-5130-A437-0E47-F70DCD37835E}.Release|Any CPU.ActiveCfg = Release|Any CPU
		{0A5673F6-5130-A437-0E47-F70DCD37835E}.Release|Any CPU.Build.0 = Release|Any CPU
		{43DEF3B0-4A3D-FEB2-EAF5-0FB7DE7DC36A}.Debug|Any CPU.ActiveCfg = Debug|Any CPU
		{43DEF3B0-4A3D-FEB2-EAF5-0FB7DE7DC36A}.Debug|Any CPU.Build.0 = Debug|Any CPU
		{43DEF3B0-4A3D-FEB2-EAF5-0FB7DE7DC36A}.Release|Any CPU.ActiveCfg = Release|Any CPU
		{43DEF3B0-4A3D-FEB2-EAF5-0FB7DE7DC36A}.Release|Any CPU.Build.0 = Release|Any CPU
	EndGlobalSection
	GlobalSection(SolutionProperties) = preSolution
		HideSolutionNode = FALSE
	EndGlobalSection
EndGlobal
